
Microsoft Visual Studio Solution File, Format Version 12.00
# Visual Studio Version 16
VisualStudioVersion = 16.0.31829.152
MinimumVisualStudioVersion = 10.0.40219.1
Project("{FAE04EC0-301F-11D3-BF4B-00C04F79EFBC}") = "WFCalculadora", "WFCalculadora.csproj", "{34721997-56AD-4A90-B2C9-6AC9551B73BA}"
EndProject
Project("{FAE04EC0-301F-11D3-BF4B-00C04F79EFBC}") = "BCalculadora", "..\BCalculadora\BCalculadora.csproj", "{4C9BC5AA-8E8E-479C-BE62-B5693974AF0F}"
EndProject
Global
	GlobalSection(SolutionConfigurationPlatforms) = preSolution
		Debug|Any CPU = Debug|Any CPU
		Release|Any CPU = Release|Any CPU
	EndGlobalSection
	GlobalSection(ProjectConfigurationPlatforms) = postSolution
		{34721997-56AD-4A90-B2C9-6AC9551B73BA}.Debug|Any CPU.ActiveCfg = Debug|Any CPU
		{34721997-56AD-4A90-B2C9-6AC9551B73BA}.Debug|Any CPU.Build.0 = Debug|Any CPU
		{34721997-56AD-4A90-B2C9-6AC9551B73BA}.Release|Any CPU.ActiveCfg = Release|Any CPU
		{34721997-56AD-4A90-B2C9-6AC9551B73BA}.Release|Any CPU.Build.0 = Release|Any CPU
		{4C9BC5AA-8E8E-479C-BE62-B5693974AF0F}.Debug|Any CPU.ActiveCfg = Debug|Any CPU
		{4C9BC5AA-8E8E-479C-BE62-B5693974AF0F}.Debug|Any CPU.Build.0 = Debug|Any CPU
		{4C9BC5AA-8E8E-479C-BE62-B5693974AF0F}.Release|Any CPU.ActiveCfg = Release|Any CPU
		{4C9BC5AA-8E8E-479C-BE62-B5693974AF0F}.Release|Any CPU.Build.0 = Release|Any CPU
	EndGlobalSection
	GlobalSection(SolutionProperties) = preSolution
		HideSolutionNode = FALSE
	EndGlobalSection
	GlobalSection(ExtensibilityGlobals) = postSolution
		SolutionGuid = {5C90AEC5-D95C-4369-8646-D39098E207D4}
	EndGlobalSection
EndGlobal
